
Microsoft Visual Studio Solution File, Format Version 12.00
# Visual Studio Version 16
VisualStudioVersion = 16.0.30114.105
MinimumVisualStudioVersion = 10.0.40219.1
Project("{FAE04EC0-301F-11D3-BF4B-00C04F79EFBC}") = "InternshipProject", "InternshipProject\InternshipProject.csproj", "{8326A8B8-0F62-4589-BEEA-5090214631F3}"
EndProject
Project("{FAE04EC0-301F-11D3-BF4B-00C04F79EFBC}") = "InternshipProject.Core", "InternshipProject.Core\InternshipProject.Core.csproj", "{04401B18-14B4-4D86-A1FF-E277A70572B6}"
EndProject
Project("{FAE04EC0-301F-11D3-BF4B-00C04F79EFBC}") = "InternshipProject.Repository", "InternProject.Repository\InternshipProject.Repository.csproj", "{ECDA9A6C-7848-41B6-8BE0-FC19EDCC59CD}"
EndProject
Project("{FAE04EC0-301F-11D3-BF4B-00C04F79EFBC}") = "InternshipProject.Services", "InternshipProject.Services\InternshipProject.Services.csproj", "{E033992C-339E-47E6-BF50-03FEBD7F0091}"
EndProject
Project("{FAE04EC0-301F-11D3-BF4B-00C04F79EFBC}") = "InternshipProject.Tests", "InternshipProject.Tests\InternshipProject.Tests.csproj", "{06DF3061-04D8-48BB-849C-6BC316029950}"
EndProject
Global
	GlobalSection(SolutionConfigurationPlatforms) = preSolution
		Debug|Any CPU = Debug|Any CPU
		Release|Any CPU = Release|Any CPU
	EndGlobalSection
	GlobalSection(ProjectConfigurationPlatforms) = postSolution
		{8326A8B8-0F62-4589-BEEA-5090214631F3}.Debug|Any CPU.ActiveCfg = Debug|Any CPU
		{8326A8B8-0F62-4589-BEEA-5090214631F3}.Debug|Any CPU.Build.0 = Debug|Any CPU
		{8326A8B8-0F62-4589-BEEA-5090214631F3}.Release|Any CPU.ActiveCfg = Release|Any CPU
		{8326A8B8-0F62-4589-BEEA-5090214631F3}.Release|Any CPU.Build.0 = Release|Any CPU
		{04401B18-14B4-4D86-A1FF-E277A70572B6}.Debug|Any CPU.ActiveCfg = Debug|Any CPU
		{04401B18-14B4-4D86-A1FF-E277A70572B6}.Debug|Any CPU.Build.0 = Debug|Any CPU
		{04401B18-14B4-4D86-A1FF-E277A70572B6}.Release|Any CPU.ActiveCfg = Release|Any CPU
		{04401B18-14B4-4D86-A1FF-E277A70572B6}.Release|Any CPU.Build.0 = Release|Any CPU
		{ECDA9A6C-7848-41B6-8BE0-FC19EDCC59CD}.Debug|Any CPU.ActiveCfg = Debug|Any CPU
		{ECDA9A6C-7848-41B6-8BE0-FC19EDCC59CD}.Debug|Any CPU.Build.0 = Debug|Any CPU
		{ECDA9A6C-7848-41B6-8BE0-FC19EDCC59CD}.Release|Any CPU.ActiveCfg = Release|Any CPU
		{ECDA9A6C-7848-41B6-8BE0-FC19EDCC59CD}.Release|Any CPU.Build.0 = Release|Any CPU
		{E033992C-339E-47E6-BF50-03FEBD7F0091}.Debug|Any CPU.ActiveCfg = Debug|Any CPU
		{E033992C-339E-47E6-BF50-03FEBD7F0091}.Debug|Any CPU.Build.0 = Debug|Any CPU
		{E033992C-339E-47E6-BF50-03FEBD7F0091}.Release|Any CPU.ActiveCfg = Release|Any CPU
		{E033992C-339E-47E6-BF50-03FEBD7F0091}.Release|Any CPU.Build.0 = Release|Any CPU
		{06DF3061-04D8-48BB-849C-6BC316029950}.Debug|Any CPU.ActiveCfg = Debug|Any CPU
		{06DF3061-04D8-48BB-849C-6BC316029950}.Debug|Any CPU.Build.0 = Debug|Any CPU
		{06DF3061-04D8-48BB-849C-6BC316029950}.Release|Any CPU.ActiveCfg = Release|Any CPU
		{06DF3061-04D8-48BB-849C-6BC316029950}.Release|Any CPU.Build.0 = Release|Any CPU
	EndGlobalSection
	GlobalSection(SolutionProperties) = preSolution
		HideSolutionNode = FALSE
	EndGlobalSection
	GlobalSection(ExtensibilityGlobals) = postSolution
		SolutionGuid = {F02C7057-44FC-422D-8954-F1200FC26C3B}
	EndGlobalSection
EndGlobal
